
Microsoft Visual Studio Solution File, Format Version 12.00
# Visual Studio 15
VisualStudioVersion = 15.0.26730.15
MinimumVisualStudioVersion = 10.0.40219.1
Project("{FAE04EC0-301F-11D3-BF4B-00C04F79EFBC}") = "Translator", "Translator\Translator.csproj", "{A60EB3D3-82DC-48D6-BF4D-9181DD18EDA0}"
EndProject
Global
	GlobalSection(SolutionConfigurationPlatforms) = preSolution
		Debug|Any CPU = Debug|Any CPU
		Release|Any CPU = Release|Any CPU
	EndGlobalSection
	GlobalSection(ProjectConfigurationPlatforms) = postSolution
		{A60EB3D3-82DC-48D6-BF4D-9181DD18EDA0}.Debug|Any CPU.ActiveCfg = Debug|Any CPU
		{A60EB3D3-82DC-48D6-BF4D-9181DD18EDA0}.Debug|Any CPU.Build.0 = Debug|Any CPU
		{A60EB3D3-82DC-48D6-BF4D-9181DD18EDA0}.Release|Any CPU.ActiveCfg = Release|Any CPU
		{A60EB3D3-82DC-48D6-BF4D-9181DD18EDA0}.Release|Any CPU.Build.0 = Release|Any CPU
	EndGlobalSection
	GlobalSection(SolutionProperties) = preSolution
		HideSolutionNode = FALSE
	EndGlobalSection
	GlobalSection(ExtensibilityGlobals) = postSolution
		SolutionGuid = {60B4984E-C930-4BCD-AD2C-CC62B2E1564F}
	EndGlobalSection
EndGlobal
